
Microsoft Visual Studio Solution File, Format Version 12.00
# Visual Studio Version 17
VisualStudioVersion = 17.5.002.0
MinimumVisualStudioVersion = 10.0.40219.1
Project("{9A19103F-16F7-4668-BE54-9A1E7A4F7556}") = "RecycleBinTrayApp", "RecycleBinTrayApp\RecycleBinTrayApp.csproj", "{FAA28E3A-371C-4D2C-8441-5B582A232B8C}"
EndProject
Global
	GlobalSection(SolutionConfigurationPlatforms) = preSolution
		Debug|Any CPU = Debug|Any CPU
		Release|Any CPU = Release|Any CPU
	EndGlobalSection
	GlobalSection(ProjectConfigurationPlatforms) = postSolution
		{FAA28E3A-371C-4D2C-8441-5B582A232B8C}.Debug|Any CPU.ActiveCfg = Debug|Any CPU
		{FAA28E3A-371C-4D2C-8441-5B582A232B8C}.Debug|Any CPU.Build.0 = Debug|Any CPU
		{FAA28E3A-371C-4D2C-8441-5B582A232B8C}.Release|Any CPU.ActiveCfg = Release|Any CPU
		{FAA28E3A-371C-4D2C-8441-5B582A232B8C}.Release|Any CPU.Build.0 = Release|Any CPU
	EndGlobalSection
	GlobalSection(SolutionProperties) = preSolution
		HideSolutionNode = FALSE
	EndGlobalSection
	GlobalSection(ExtensibilityGlobals) = postSolution
		SolutionGuid = {914D93E6-2DF5-4F2A-A4F9-50D7B4099E2E}
	EndGlobalSection
EndGlobal
